
Microsoft Visual Studio Solution File, Format Version 12.00
# Visual Studio 15
VisualStudioVersion = 15.0.27130.2020
MinimumVisualStudioVersion = 10.0.40219.1
Project("{FAE04EC0-301F-11D3-BF4B-00C04F79EFBC}") = "PolyLibAndroid", "PolyLibAndroid\PolyLibAndroid.csproj", "{8603726E-C512-46C0-A623-1D68777AA852}"
EndProject
Project("{9A19103F-16F7-4668-BE54-9A1E7A4F7556}") = "PolyLib", "PolyLib\PolyLib.csproj", "{DEBB4C58-FE30-4796-83DF-6BC819EE16FA}"
EndProject
Project("{FAE04EC0-301F-11D3-BF4B-00C04F79EFBC}") = "LowPolyLibrary.Views.Android", "LowPolyLibrary.Views.Android\LowPolyLibrary.Views.Android.csproj", "{31AF6FE2-02E7-4719-AE56-DDB6B0A6424C}"
EndProject
Project("{FAE04EC0-301F-11D3-BF4B-00C04F79EFBC}") = "LowPolyLibrary.Views.iOS", "LowPolyLibrary.Views.iOS\LowPolyLibrary.Views.iOS.csproj", "{9D06B86B-038D-4127-BC1A-A37E9220BE6C}"
EndProject
Project("{FAE04EC0-301F-11D3-BF4B-00C04F79EFBC}") = "PolyLibiOS", "PolyLibiOS\PolyLibiOS.csproj", "{2B226DDD-070D-43D5-B8DB-034481E8C30F}"
EndProject
Global
	GlobalSection(SolutionConfigurationPlatforms) = preSolution
		Debug|Any CPU = Debug|Any CPU
		Debug|iPhone = Debug|iPhone
		Debug|iPhoneSimulator = Debug|iPhoneSimulator
		Release|Any CPU = Release|Any CPU
		Release|iPhone = Release|iPhone
		Release|iPhoneSimulator = Release|iPhoneSimulator
	EndGlobalSection
	GlobalSection(ProjectConfigurationPlatforms) = postSolution
		{8603726E-C512-46C0-A623-1D68777AA852}.Debug|Any CPU.ActiveCfg = Debug|Any CPU
		{8603726E-C512-46C0-A623-1D68777AA852}.Debug|Any CPU.Build.0 = Debug|Any CPU
		{8603726E-C512-46C0-A623-1D68777AA852}.Debug|Any CPU.Deploy.0 = Debug|Any CPU
		{8603726E-C512-46C0-A623-1D68777AA852}.Debug|iPhone.ActiveCfg = Debug|Any CPU
		{8603726E-C512-46C0-A623-1D68777AA852}.Debug|iPhone.Build.0 = Debug|Any CPU
		{8603726E-C512-46C0-A623-1D68777AA852}.Debug|iPhoneSimulator.ActiveCfg = Debug|Any CPU
		{8603726E-C512-46C0-A623-1D68777AA852}.Debug|iPhoneSimulator.Build.0 = Debug|Any CPU
		{8603726E-C512-46C0-A623-1D68777AA852}.Release|Any CPU.ActiveCfg = Release|Any CPU
		{8603726E-C512-46C0-A623-1D68777AA852}.Release|Any CPU.Build.0 = Release|Any CPU
		{8603726E-C512-46C0-A623-1D68777AA852}.Release|iPhone.ActiveCfg = Release|Any CPU
		{8603726E-C512-46C0-A623-1D68777AA852}.Release|iPhone.Build.0 = Release|Any CPU
		{8603726E-C512-46C0-A623-1D68777AA852}.Release|iPhoneSimulator.ActiveCfg = Release|Any CPU
		{8603726E-C512-46C0-A623-1D68777AA852}.Release|iPhoneSimulator.Build.0 = Release|Any CPU
		{DEBB4C58-FE30-4796-83DF-6BC819EE16FA}.Debug|Any CPU.ActiveCfg = Debug|Any CPU
		{DEBB4C58-FE30-4796-83DF-6BC819EE16FA}.Debug|Any CPU.Build.0 = Debug|Any CPU
		{DEBB4C58-FE30-4796-83DF-6BC819EE16FA}.Debug|iPhone.ActiveCfg = Debug|Any CPU
		{DEBB4C58-FE30-4796-83DF-6BC819EE16FA}.Debug|iPhone.Build.0 = Debug|Any CPU
		{DEBB4C58-FE30-4796-83DF-6BC819EE16FA}.Debug|iPhoneSimulator.ActiveCfg = Debug|Any CPU
		{DEBB4C58-FE30-4796-83DF-6BC819EE16FA}.Debug|iPhoneSimulator.Build.0 = Debug|Any CPU
		{DEBB4C58-FE30-4796-83DF-6BC819EE16FA}.Release|Any CPU.ActiveCfg = Release|Any CPU
		{DEBB4C58-FE30-4796-83DF-6BC819EE16FA}.Release|Any CPU.Build.0 = Release|Any CPU
		{DEBB4C58-FE30-4796-83DF-6BC819EE16FA}.Release|iPhone.ActiveCfg = Release|Any CPU
		{DEBB4C58-FE30-4796-83DF-6BC819EE16FA}.Release|iPhone.Build.0 = Release|Any CPU
		{DEBB4C58-FE30-4796-83DF-6BC819EE16FA}.Release|iPhoneSimulator.ActiveCfg = Release|Any CPU
		{DEBB4C58-FE30-4796-83DF-6BC819EE16FA}.Release|iPhoneSimulator.Build.0 = Release|Any CPU
		{31AF6FE2-02E7-4719-AE56-DDB6B0A6424C}.Debug|Any CPU.ActiveCfg = Debug|Any CPU
		{31AF6FE2-02E7-4719-AE56-DDB6B0A6424C}.Debug|Any CPU.Build.0 = Debug|Any CPU
		{31AF6FE2-02E7-4719-AE56-DDB6B0A6424C}.Debug|iPhone.ActiveCfg = Debug|Any CPU
		{31AF6FE2-02E7-4719-AE56-DDB6B0A6424C}.Debug|iPhone.Build.0 = Debug|Any CPU
		{31AF6FE2-02E7-4719-AE56-DDB6B0A6424C}.Debug|iPhoneSimulator.ActiveCfg = Debug|Any CPU
		{31AF6FE2-02E7-4719-AE56-DDB6B0A6424C}.Debug|iPhoneSimulator.Build.0 = Debug|Any CPU
		{31AF6FE2-02E7-4719-AE56-DDB6B0A6424C}.Release|Any CPU.ActiveCfg = Release|Any CPU
		{31AF6FE2-02E7-4719-AE56-DDB6B0A6424C}.Release|Any CPU.Build.0 = Release|Any CPU
		{31AF6FE2-02E7-4719-AE56-DDB6B0A6424C}.Release|iPhone.ActiveCfg = Release|Any CPU
		{31AF6FE2-02E7-4719-AE56-DDB6B0A6424C}.Release|iPhone.Build.0 = Release|Any CPU
		{31AF6FE2-02E7-4719-AE56-DDB6B0A6424C}.Release|iPhoneSimulator.ActiveCfg = Release|Any CPU
		{31AF6FE2-02E7-4719-AE56-DDB6B0A6424C}.Release|iPhoneSimulator.Build.0 = Release|Any CPU
		{9D06B86B-038D-4127-BC1A-A37E9220BE6C}.Debug|Any CPU.ActiveCfg = Debug|Any CPU
		{9D06B86B-038D-4127-BC1A-A37E9220BE6C}.Debug|Any CPU.Build.0 = Debug|Any CPU
		{9D06B86B-038D-4127-BC1A-A37E9220BE6C}.Debug|iPhone.ActiveCfg = Debug|Any CPU
		{9D06B86B-038D-4127-BC1A-A37E9220BE6C}.Debug|iPhone.Build.0 = Debug|Any CPU
		{9D06B86B-038D-4127-BC1A-A37E9220BE6C}.Debug|iPhoneSimulator.ActiveCfg = Debug|Any CPU
		{9D06B86B-038D-4127-BC1A-A37E9220BE6C}.Debug|iPhoneSimulator.Build.0 = Debug|Any CPU
		{9D06B86B-038D-4127-BC1A-A37E9220BE6C}.Release|Any CPU.ActiveCfg = Release|Any CPU
		{9D06B86B-038D-4127-BC1A-A37E9220BE6C}.Release|Any CPU.Build.0 = Release|Any CPU
		{9D06B86B-038D-4127-BC1A-A37E9220BE6C}.Release|iPhone.ActiveCfg = Release|Any CPU
		{9D06B86B-038D-4127-BC1A-A37E9220BE6C}.Release|iPhone.Build.0 = Release|Any CPU
		{9D06B86B-038D-4127-BC1A-A37E9220BE6C}.Release|iPhoneSimulator.ActiveCfg = Release|Any CPU
		{9D06B86B-038D-4127-BC1A-A37E9220BE6C}.Release|iPhoneSimulator.Build.0 = Release|Any CPU
		{2B226DDD-070D-43D5-B8DB-034481E8C30F}.Debug|Any CPU.ActiveCfg = Debug|iPhoneSimulator
		{2B226DDD-070D-43D5-B8DB-034481E8C30F}.Debug|Any CPU.Build.0 = Debug|iPhoneSimulator
		{2B226DDD-070D-43D5-B8DB-034481E8C30F}.Debug|iPhone.ActiveCfg = Debug|iPhone
		{2B226DDD-070D-43D5-B8DB-034481E8C30F}.Debug|iPhone.Build.0 = Debug|iPhone
		{2B226DDD-070D-43D5-B8DB-034481E8C30F}.Debug|iPhoneSimulator.ActiveCfg = Debug|iPhoneSimulator
		{2B226DDD-070D-43D5-B8DB-034481E8C30F}.Debug|iPhoneSimulator.Build.0 = Debug|iPhoneSimulator
		{2B226DDD-070D-43D5-B8DB-034481E8C30F}.Release|Any CPU.ActiveCfg = Release|iPhone
		{2B226DDD-070D-43D5-B8DB-034481E8C30F}.Release|Any CPU.Build.0 = Release|iPhone
		{2B226DDD-070D-43D5-B8DB-034481E8C30F}.Release|iPhone.ActiveCfg = Release|iPhone
		{2B226DDD-070D-43D5-B8DB-034481E8C30F}.Release|iPhone.Build.0 = Release|iPhone
		{2B226DDD-070D-43D5-B8DB-034481E8C30F}.Release|iPhoneSimulator.ActiveCfg = Release|iPhoneSimulator
		{2B226DDD-070D-43D5-B8DB-034481E8C30F}.Release|iPhoneSimulator.Build.0 = Release|iPhoneSimulator
	EndGlobalSection
	GlobalSection(SolutionProperties) = preSolution
		HideSolutionNode = FALSE
	EndGlobalSection
	GlobalSection(ExtensibilityGlobals) = postSolution
		SolutionGuid = {74081F2C-4694-4349-89EB-D5172E6BA261}
	EndGlobalSection
EndGlobal
