
Microsoft Visual Studio Solution File, Format Version 12.00
# Visual Studio 15
VisualStudioVersion = 15.0.26730.16
MinimumVisualStudioVersion = 10.0.40219.1
Project("{FAE04EC0-301F-11D3-BF4B-00C04F79EFBC}") = "LowPoly", "LowPoly\LowPoly.csproj", "{8603726E-C512-46C0-A623-1D68777AA852}"
EndProject
Project("{D954291E-2A0B-460D-934E-DC6B0785DB48}") = "LowPolyLibrary", "LowPolyLibShared\LowPolyLibrary.shproj", "{D4829E6F-2BEC-4337-809F-8999AFC1669B}"
EndProject
Project("{FAE04EC0-301F-11D3-BF4B-00C04F79EFBC}") = "RecTest", "RecTest\RecTest.csproj", "{D72695E9-A771-487F-A607-A6478D73038B}"
EndProject
Global
	GlobalSection(SharedMSBuildProjectFiles) = preSolution
		LowPolyLibShared\LowPolyLibShared.projitems*{8603726e-c512-46c0-a623-1d68777aa852}*SharedItemsImports = 4
		LowPolyLibShared\LowPolyLibShared.projitems*{d4829e6f-2bec-4337-809f-8999afc1669b}*SharedItemsImports = 13
	EndGlobalSection
	GlobalSection(SolutionConfigurationPlatforms) = preSolution
		Debug|Any CPU = Debug|Any CPU
		Release|Any CPU = Release|Any CPU
	EndGlobalSection
	GlobalSection(ProjectConfigurationPlatforms) = postSolution
		{8603726E-C512-46C0-A623-1D68777AA852}.Debug|Any CPU.ActiveCfg = Debug|Any CPU
		{8603726E-C512-46C0-A623-1D68777AA852}.Debug|Any CPU.Build.0 = Debug|Any CPU
		{8603726E-C512-46C0-A623-1D68777AA852}.Debug|Any CPU.Deploy.0 = Debug|Any CPU
		{8603726E-C512-46C0-A623-1D68777AA852}.Release|Any CPU.ActiveCfg = Release|Any CPU
		{8603726E-C512-46C0-A623-1D68777AA852}.Release|Any CPU.Build.0 = Release|Any CPU
		{D72695E9-A771-487F-A607-A6478D73038B}.Debug|Any CPU.ActiveCfg = Debug|Any CPU
		{D72695E9-A771-487F-A607-A6478D73038B}.Debug|Any CPU.Build.0 = Debug|Any CPU
		{D72695E9-A771-487F-A607-A6478D73038B}.Debug|Any CPU.Deploy.0 = Debug|Any CPU
		{D72695E9-A771-487F-A607-A6478D73038B}.Release|Any CPU.ActiveCfg = Release|Any CPU
		{D72695E9-A771-487F-A607-A6478D73038B}.Release|Any CPU.Build.0 = Release|Any CPU
		{D72695E9-A771-487F-A607-A6478D73038B}.Release|Any CPU.Deploy.0 = Release|Any CPU
	EndGlobalSection
	GlobalSection(SolutionProperties) = preSolution
		HideSolutionNode = FALSE
	EndGlobalSection
	GlobalSection(ExtensibilityGlobals) = postSolution
		SolutionGuid = {74081F2C-4694-4349-89EB-D5172E6BA261}
	EndGlobalSection
EndGlobal
