
Microsoft Visual Studio Solution File, Format Version 12.00
# Visual Studio 15
VisualStudioVersion = 15.0.27130.2020
MinimumVisualStudioVersion = 10.0.40219.1
Project("{FAE04EC0-301F-11D3-BF4B-00C04F79EFBC}") = "LowPoly", "LowPoly\LowPoly.csproj", "{8603726E-C512-46C0-A623-1D68777AA852}"
EndProject
Project("{FAE04EC0-301F-11D3-BF4B-00C04F79EFBC}") = "RecTest", "RecTest\RecTest.csproj", "{D72695E9-A771-487F-A607-A6478D73038B}"
EndProject
Project("{9A19103F-16F7-4668-BE54-9A1E7A4F7556}") = "LowPolyLibrary", "LowPolyLibrary\LowPolyLibrary.csproj", "{DEBB4C58-FE30-4796-83DF-6BC819EE16FA}"
EndProject
Project("{FAE04EC0-301F-11D3-BF4B-00C04F79EFBC}") = "LowPolyLibrary.Views.Android", "LowPolyLibrary.Views.Android\LowPolyLibrary.Views.Android.csproj", "{31AF6FE2-02E7-4719-AE56-DDB6B0A6424C}"
EndProject
Global
	GlobalSection(SolutionConfigurationPlatforms) = preSolution
		Debug|Any CPU = Debug|Any CPU
		Release|Any CPU = Release|Any CPU
	EndGlobalSection
	GlobalSection(ProjectConfigurationPlatforms) = postSolution
		{8603726E-C512-46C0-A623-1D68777AA852}.Debug|Any CPU.ActiveCfg = Debug|Any CPU
		{8603726E-C512-46C0-A623-1D68777AA852}.Debug|Any CPU.Build.0 = Debug|Any CPU
		{8603726E-C512-46C0-A623-1D68777AA852}.Debug|Any CPU.Deploy.0 = Debug|Any CPU
		{8603726E-C512-46C0-A623-1D68777AA852}.Release|Any CPU.ActiveCfg = Release|Any CPU
		{8603726E-C512-46C0-A623-1D68777AA852}.Release|Any CPU.Build.0 = Release|Any CPU
		{D72695E9-A771-487F-A607-A6478D73038B}.Debug|Any CPU.ActiveCfg = Debug|Any CPU
		{D72695E9-A771-487F-A607-A6478D73038B}.Debug|Any CPU.Build.0 = Debug|Any CPU
		{D72695E9-A771-487F-A607-A6478D73038B}.Debug|Any CPU.Deploy.0 = Debug|Any CPU
		{D72695E9-A771-487F-A607-A6478D73038B}.Release|Any CPU.ActiveCfg = Release|Any CPU
		{D72695E9-A771-487F-A607-A6478D73038B}.Release|Any CPU.Build.0 = Release|Any CPU
		{D72695E9-A771-487F-A607-A6478D73038B}.Release|Any CPU.Deploy.0 = Release|Any CPU
		{DEBB4C58-FE30-4796-83DF-6BC819EE16FA}.Debug|Any CPU.ActiveCfg = Debug|Any CPU
		{DEBB4C58-FE30-4796-83DF-6BC819EE16FA}.Debug|Any CPU.Build.0 = Debug|Any CPU
		{DEBB4C58-FE30-4796-83DF-6BC819EE16FA}.Release|Any CPU.ActiveCfg = Release|Any CPU
		{DEBB4C58-FE30-4796-83DF-6BC819EE16FA}.Release|Any CPU.Build.0 = Release|Any CPU
		{31AF6FE2-02E7-4719-AE56-DDB6B0A6424C}.Debug|Any CPU.ActiveCfg = Debug|Any CPU
		{31AF6FE2-02E7-4719-AE56-DDB6B0A6424C}.Debug|Any CPU.Build.0 = Debug|Any CPU
		{31AF6FE2-02E7-4719-AE56-DDB6B0A6424C}.Release|Any CPU.ActiveCfg = Release|Any CPU
		{31AF6FE2-02E7-4719-AE56-DDB6B0A6424C}.Release|Any CPU.Build.0 = Release|Any CPU
	EndGlobalSection
	GlobalSection(SolutionProperties) = preSolution
		HideSolutionNode = FALSE
	EndGlobalSection
	GlobalSection(ExtensibilityGlobals) = postSolution
		SolutionGuid = {74081F2C-4694-4349-89EB-D5172E6BA261}
	EndGlobalSection
EndGlobal
